{
  "lockfileVersion": 1,
  "configVersion": 1,
  "workspaces": {
    "": {
      "name": "aiscii",
      "dependencies": {
        "@jsquash/jpeg": "^1.6.0",
        "@jsquash/png": "^3.1.1",
        "@jsquash/resize": "^2.1.1",
        "@jsquash/webp": "^1.5.0",
        "gifuct-js": "^2.1.2",
      },
      "devDependencies": {
        "typescript": "^5.4.0",
      },
    },
  },
  "packages": {
    "@jsquash/jpeg": ["@jsquash/jpeg@1.6.0", "", {}, "sha512-zwN46Awh1VM6gXlIcALwb5WzqK5H2e6+Awcs1QP8AvS8ohsK/sbE4esvmH4jhlhW7+CgiUUww66vg0aTnlSIMA=="],

    "@jsquash/png": ["@jsquash/png@3.1.1", "", {}, "sha512-C10pc+0H6j0h8fENOfnGOvkXCmvpSQTDGlfGd0sHphZhPSGTyLjIrHba0FaZZdsKqA/wlmhYicUHb92vfZphaw=="],

    "@jsquash/resize": ["@jsquash/resize@2.1.1", "", {}, "sha512-0R5UL1ZLHUT+carjVikcE1QfA+kfNQ2YamYyGVRmhfh4zttU5EY3bQBGxPIPtY2xIAw1P4Kgyxm2xrceRw1r2w=="],

    "@jsquash/webp": ["@jsquash/webp@1.5.0", "", { "dependencies": { "wasm-feature-detect": "^1.2.11" } }, "sha512-KggLoj2MnRSfIqTeKe1EmbljTX2vuV7mh79k89PCL1pyqiDULcPM1L47twxXt0hkb68F70bXiL31MxsuoZtKFw=="],

    "gifuct-js": ["gifuct-js@2.1.2", "", { "dependencies": { "js-binary-schema-parser": "^2.0.3" } }, "sha512-rI2asw77u0mGgwhV3qA+OEgYqaDn5UNqgs+Bx0FGwSpuqfYn+Ir6RQY5ENNQ8SbIiG/m5gVa7CD5RriO4f4Lsg=="],

    "js-binary-schema-parser": ["js-binary-schema-parser@2.0.3", "", {}, "sha512-xezGJmOb4lk/M1ZZLTR/jaBHQ4gG/lqQnJqdIv4721DMggsa1bDVlHXNeHYogaIEHD9vCRv0fcL4hMA+Coarkg=="],

    "typescript": ["typescript@5.9.3", "", { "bin": { "tsc": "bin/tsc", "tsserver": "bin/tsserver" } }, "sha512-jl1vZzPDinLr9eUt3J/t7V6FgNEw9QjvBPdysz9KfQDD41fQrC2Y4vKQdiaUpFT4bXlb1RHhLpp8wtm6M5TgSw=="],

    "wasm-feature-detect": ["wasm-feature-detect@1.8.0", "", {}, "sha512-zksaLKM2fVlnB5jQQDqKXXwYHLQUVH9es+5TOOHwGOVJOCeRBCiPjwSg+3tN2AdTCzjgli4jijCH290kXb/zWQ=="],
  }
}
